
Microsoft Visual Studio Solution File, Format Version 12.00
# Visual Studio 14
VisualStudioVersion = 14.0.24720.0
MinimumVisualStudioVersion = 10.0.40219.1
Project("{FAE04EC0-301F-11D3-BF4B-00C04F79EFBC}") = "PassiveSkillTreePlanter", "PassiveSkillTreePlanter\PassiveSkillTreePlanter.csproj", "{CAA01498-5C8A-429F-8BB8-57E29DD05E6E}"
EndProject
Global
	GlobalSection(SolutionConfigurationPlatforms) = preSolution
		Debug|Any CPU = Debug|Any CPU
		Release|Any CPU = Release|Any CPU
	EndGlobalSection
	GlobalSection(ProjectConfigurationPlatforms) = postSolution
		{CAA01498-5C8A-429F-8BB8-57E29DD05E6E}.Debug|Any CPU.ActiveCfg = Debug|Any CPU
		{CAA01498-5C8A-429F-8BB8-57E29DD05E6E}.Debug|Any CPU.Build.0 = Debug|Any CPU
		{CAA01498-5C8A-429F-8BB8-57E29DD05E6E}.Release|Any CPU.ActiveCfg = Release|Any CPU
		{CAA01498-5C8A-429F-8BB8-57E29DD05E6E}.Release|Any CPU.Build.0 = Release|Any CPU
	EndGlobalSection
	GlobalSection(SolutionProperties) = preSolution
		HideSolutionNode = FALSE
	EndGlobalSection
EndGlobal
